// !$*UTF8*$!
{
	archiveVersion = 1;
	classes = {
	};
	objectVersion = 51;
	objects = {

/* Begin PBXBuildFile section */
		2D2BDB00271B6A79003C47B2 /* AppDelegate.swift in Sources */ = {isa = PBXBuildFile; fileRef = 2D2BDAFF271B6A79003C47B2 /* AppDelegate.swift */; };
		2D2BDB02271B6A79003C47B2 /* SceneDelegate.swift in Sources */ = {isa = PBXBuildFile; fileRef = 2D2BDB01271B6A79003C47B2 /* SceneDelegate.swift */; };
		2D2BDB04271B6A79003C47B2 /* UsersViewController.swift in Sources */ = {isa = PBXBuildFile; fileRef = 2D2BDB03271B6A79003C47B2 /* UsersViewController.swift */; };
		2D2BDB07271B6A79003C47B2 /* Main.storyboard in Resources */ = {isa = PBXBuildFile; fileRef = 2D2BDB05271B6A79003C47B2 /* Main.storyboard */; };
		2D2BDB09271B6A7C003C47B2 /* Assets.xcassets in Resources */ = {isa = PBXBuildFile; fileRef = 2D2BDB08271B6A7C003C47B2 /* Assets.xcassets */; };
		2D2BDB0C271B6A7C003C47B2 /* LaunchScreen.storyboard in Resources */ = {isa = PBXBuildFile; fileRef = 2D2BDB0A271B6A7C003C47B2 /* LaunchScreen.storyboard */; };
		2D2BDB17271B6A7D003C47B2 /* tmob_demoTests.swift in Sources */ = {isa = PBXBuildFile; fileRef = 2D2BDB16271B6A7D003C47B2 /* tmob_demoTests.swift */; };
		2D2BDB22271B6A7D003C47B2 /* tmob_demoUITests.swift in Sources */ = {isa = PBXBuildFile; fileRef = 2D2BDB21271B6A7D003C47B2 /* tmob_demoUITests.swift */; };
		2D2BDB84271B767A003C47B2 /* Pods_tmob_demo.framework in Frameworks */ = {isa = PBXBuildFile; fileRef = 932DAA0E7E3D607E9DDB1E7A /* Pods_tmob_demo.framework */; };
		90178417915A4B49FD9BFC54 /* Pods_tmob_demoTests.framework in Frameworks */ = {isa = PBXBuildFile; fileRef = 3AAEC8A00D8613CF52331128 /* Pods_tmob_demoTests.framework */; };
		DE25BF73D43DA46D06A9F6CD /* Pods_tmob_demo_tmob_demoUITests.framework in Frameworks */ = {isa = PBXBuildFile; fileRef = 397C675FC4D03CC2CF4E787D /* Pods_tmob_demo_tmob_demoUITests.framework */; };
/* End PBXBuildFile section */

/* Begin PBXContainerItemProxy section */
		2D2BDB13271B6A7C003C47B2 /* PBXContainerItemProxy */ = {
			isa = PBXContainerItemProxy;
			containerPortal = 2D2BDAF4271B6A79003C47B2 /* Project object */;
			proxyType = 1;
			remoteGlobalIDString = 2D2BDAFB271B6A79003C47B2;
			remoteInfo = "tmob-demo";
		};
		2D2BDB1E271B6A7D003C47B2 /* PBXContainerItemProxy */ = {
			isa = PBXContainerItemProxy;
			containerPortal = 2D2BDAF4271B6A79003C47B2 /* Project object */;
			proxyType = 1;
			remoteGlobalIDString = 2D2BDAFB271B6A79003C47B2;
			remoteInfo = "tmob-demo";
		};
/* End PBXContainerItemProxy section */

/* Begin PBXFileReference section */
		14A96740FA7AA8F875737D47 /* Pods-tmob-demo.debug.xcconfig */ = {isa = PBXFileReference; includeInIndex = 1; lastKnownFileType = text.xcconfig; name = "Pods-tmob-demo.debug.xcconfig"; path = "Target Support Files/Pods-tmob-demo/Pods-tmob-demo.debug.xcconfig"; sourceTree = "<group>"; };
		275A25C0328F08B3FEF8CA5F /* Pods-tmob-demo-tmob-demoUITests.debug.xcconfig */ = {isa = PBXFileReference; includeInIndex = 1; lastKnownFileType = text.xcconfig; name = "Pods-tmob-demo-tmob-demoUITests.debug.xcconfig"; path = "Target Support Files/Pods-tmob-demo-tmob-demoUITests/Pods-tmob-demo-tmob-demoUITests.debug.xcconfig"; sourceTree = "<group>"; };
		2D2BDAFC271B6A79003C47B2 /* tmob-demo.app */ = {isa = PBXFileReference; explicitFileType = wrapper.application; includeInIndex = 0; path = "tmob-demo.app"; sourceTree = BUILT_PRODUCTS_DIR; };
		2D2BDAFF271B6A79003C47B2 /* AppDelegate.swift */ = {isa = PBXFileReference; lastKnownFileType = sourcecode.swift; path = AppDelegate.swift; sourceTree = "<group>"; };
		2D2BDB01271B6A79003C47B2 /* SceneDelegate.swift */ = {isa = PBXFileReference; lastKnownFileType = sourcecode.swift; path = SceneDelegate.swift; sourceTree = "<group>"; };
		2D2BDB03271B6A79003C47B2 /* UsersViewController.swift */ = {isa = PBXFileReference; lastKnownFileType = sourcecode.swift; path = UsersViewController.swift; sourceTree = "<group>"; };
		2D2BDB06271B6A79003C47B2 /* Base */ = {isa = PBXFileReference; lastKnownFileType = file.storyboard; name = Base; path = Base.lproj/Main.storyboard; sourceTree = "<group>"; };
		2D2BDB08271B6A7C003C47B2 /* Assets.xcassets */ = {isa = PBXFileReference; lastKnownFileType = folder.assetcatalog; path = Assets.xcassets; sourceTree = "<group>"; };
		2D2BDB0B271B6A7C003C47B2 /* Base */ = {isa = PBXFileReference; lastKnownFileType = file.storyboard; name = Base; path = Base.lproj/LaunchScreen.storyboard; sourceTree = "<group>"; };
		2D2BDB0D271B6A7C003C47B2 /* Info.plist */ = {isa = PBXFileReference; lastKnownFileType = text.plist.xml; path = Info.plist; sourceTree = "<group>"; };
		2D2BDB12271B6A7C003C47B2 /* tmob-demoTests.xctest */ = {isa = PBXFileReference; explicitFileType = wrapper.cfbundle; includeInIndex = 0; path = "tmob-demoTests.xctest"; sourceTree = BUILT_PRODUCTS_DIR; };
		2D2BDB16271B6A7D003C47B2 /* tmob_demoTests.swift */ = {isa = PBXFileReference; lastKnownFileType = sourcecode.swift; path = tmob_demoTests.swift; sourceTree = "<group>"; };
		2D2BDB18271B6A7D003C47B2 /* Info.plist */ = {isa = PBXFileReference; lastKnownFileType = text.plist.xml; path = Info.plist; sourceTree = "<group>"; };
		2D2BDB1D271B6A7D003C47B2 /* tmob-demoUITests.xctest */ = {isa = PBXFileReference; explicitFileType = wrapper.cfbundle; includeInIndex = 0; path = "tmob-demoUITests.xctest"; sourceTree = BUILT_PRODUCTS_DIR; };
		2D2BDB21271B6A7D003C47B2 /* tmob_demoUITests.swift */ = {isa = PBXFileReference; lastKnownFileType = sourcecode.swift; path = tmob_demoUITests.swift; sourceTree = "<group>"; };
		2D2BDB23271B6A7D003C47B2 /* Info.plist */ = {isa = PBXFileReference; lastKnownFileType = text.plist.xml; path = Info.plist; sourceTree = "<group>"; };
		397C675FC4D03CC2CF4E787D /* Pods_tmob_demo_tmob_demoUITests.framework */ = {isa = PBXFileReference; explicitFileType = wrapper.framework; includeInIndex = 0; path = Pods_tmob_demo_tmob_demoUITests.framework; sourceTree = BUILT_PRODUCTS_DIR; };
		3AAEC8A00D8613CF52331128 /* Pods_tmob_demoTests.framework */ = {isa = PBXFileReference; explicitFileType = wrapper.framework; includeInIndex = 0; path = Pods_tmob_demoTests.framework; sourceTree = BUILT_PRODUCTS_DIR; };
		752E11FFF7B28E0CACDD8F80 /* Pods-tmob-demo-tmob-demoUITests.release.xcconfig */ = {isa = PBXFileReference; includeInIndex = 1; lastKnownFileType = text.xcconfig; name = "Pods-tmob-demo-tmob-demoUITests.release.xcconfig"; path = "Target Support Files/Pods-tmob-demo-tmob-demoUITests/Pods-tmob-demo-tmob-demoUITests.release.xcconfig"; sourceTree = "<group>"; };
		932DAA0E7E3D607E9DDB1E7A /* Pods_tmob_demo.framework */ = {isa = PBXFileReference; explicitFileType = wrapper.framework; includeInIndex = 0; path = Pods_tmob_demo.framework; sourceTree = BUILT_PRODUCTS_DIR; };
		E065F1BA7E455700FC962312 /* Pods-tmob-demoTests.debug.xcconfig */ = {isa = PBXFileReference; includeInIndex = 1; lastKnownFileType = text.xcconfig; name = "Pods-tmob-demoTests.debug.xcconfig"; path = "Target Support Files/Pods-tmob-demoTests/Pods-tmob-demoTests.debug.xcconfig"; sourceTree = "<group>"; };
		E0F4B154B044274E12D0D7DD /* Pods-tmob-demo.release.xcconfig */ = {isa = PBXFileReference; includeInIndex = 1; lastKnownFileType = text.xcconfig; name = "Pods-tmob-demo.release.xcconfig"; path = "Target Support Files/Pods-tmob-demo/Pods-tmob-demo.release.xcconfig"; sourceTree = "<group>"; };
		FE7BBF058622004BD001FC8C /* Pods-tmob-demoTests.release.xcconfig */ = {isa = PBXFileReference; includeInIndex = 1; lastKnownFileType = text.xcconfig; name = "Pods-tmob-demoTests.release.xcconfig"; path = "Target Support Files/Pods-tmob-demoTests/Pods-tmob-demoTests.release.xcconfig"; sourceTree = "<group>"; };
/* End PBXFileReference section */

/* Begin PBXFrameworksBuildPhase section */
		2D2BDAF9271B6A79003C47B2 /* Frameworks */ = {
			isa = PBXFrameworksBuildPhase;
			buildActionMask = 2147483647;
			files = (
				2D2BDB84271B767A003C47B2 /* Pods_tmob_demo.framework in Frameworks */,
			);
			runOnlyForDeploymentPostprocessing = 0;
		};
		2D2BDB0F271B6A7C003C47B2 /* Frameworks */ = {
			isa = PBXFrameworksBuildPhase;
			buildActionMask = 2147483647;
			files = (
				90178417915A4B49FD9BFC54 /* Pods_tmob_demoTests.framework in Frameworks */,
			);
			runOnlyForDeploymentPostprocessing = 0;
		};
		2D2BDB1A271B6A7D003C47B2 /* Frameworks */ = {
			isa = PBXFrameworksBuildPhase;
			buildActionMask = 2147483647;
			files = (
				DE25BF73D43DA46D06A9F6CD /* Pods_tmob_demo_tmob_demoUITests.framework in Frameworks */,
			);
			runOnlyForDeploymentPostprocessing = 0;
		};
/* End PBXFrameworksBuildPhase section */

/* Begin PBXGroup section */
		2D2BDAF3271B6A79003C47B2 = {
			isa = PBXGroup;
			children = (
				2D2BDAFE271B6A79003C47B2 /* tmob-demo */,
				2D2BDB15271B6A7D003C47B2 /* tmob-demoTests */,
				2D2BDB20271B6A7D003C47B2 /* tmob-demoUITests */,
				2D2BDAFD271B6A79003C47B2 /* Products */,
				F229AD6019606496EEA2AE3E /* Pods */,
				D44D915DBC90121BCD9B9EEC /* Frameworks */,
			);
			sourceTree = "<group>";
		};
		2D2BDAFD271B6A79003C47B2 /* Products */ = {
			isa = PBXGroup;
			children = (
				2D2BDAFC271B6A79003C47B2 /* tmob-demo.app */,
				2D2BDB12271B6A7C003C47B2 /* tmob-demoTests.xctest */,
				2D2BDB1D271B6A7D003C47B2 /* tmob-demoUITests.xctest */,
			);
			name = Products;
			sourceTree = "<group>";
		};
		2D2BDAFE271B6A79003C47B2 /* tmob-demo */ = {
			isa = PBXGroup;
			children = (
				2D2BDB44271B6E44003C47B2 /* Utils */,
				2D2BDB43271B6E31003C47B2 /* Network */,
				2D2BDB3E271B6DE6003C47B2 /* UsersScene */,
				2D2BDB3B271B6CF4003C47B2 /* Models */,
				2D2BDB33271B6AC6003C47B2 /* Application */,
				2D2BDB05271B6A79003C47B2 /* Main.storyboard */,
				2D2BDB08271B6A7C003C47B2 /* Assets.xcassets */,
				2D2BDB0A271B6A7C003C47B2 /* LaunchScreen.storyboard */,
				2D2BDB0D271B6A7C003C47B2 /* Info.plist */,
			);
			path = "tmob-demo";
			sourceTree = "<group>";
		};
		2D2BDB15271B6A7D003C47B2 /* tmob-demoTests */ = {
			isa = PBXGroup;
			children = (
				2D2BDB16271B6A7D003C47B2 /* tmob_demoTests.swift */,
				2D2BDB18271B6A7D003C47B2 /* Info.plist */,
			);
			path = "tmob-demoTests";
			sourceTree = "<group>";
		};
		2D2BDB20271B6A7D003C47B2 /* tmob-demoUITests */ = {
			isa = PBXGroup;
			children = (
				2D2BDB21271B6A7D003C47B2 /* tmob_demoUITests.swift */,
				2D2BDB23271B6A7D003C47B2 /* Info.plist */,
			);
			path = "tmob-demoUITests";
			sourceTree = "<group>";
		};
		2D2BDB33271B6AC6003C47B2 /* Application */ = {
			isa = PBXGroup;
			children = (
				2D2BDAFF271B6A79003C47B2 /* AppDelegate.swift */,
				2D2BDB01271B6A79003C47B2 /* SceneDelegate.swift */,
			);
			path = Application;
			sourceTree = "<group>";
		};
		2D2BDB3B271B6CF4003C47B2 /* Models */ = {
			isa = PBXGroup;
			children = (
			);
			path = Models;
			sourceTree = "<group>";
		};
		2D2BDB3E271B6DE6003C47B2 /* UsersScene */ = {
			isa = PBXGroup;
			children = (
				2D2BDB03271B6A79003C47B2 /* UsersViewController.swift */,
			);
			path = UsersScene;
			sourceTree = "<group>";
		};
		2D2BDB43271B6E31003C47B2 /* Network */ = {
			isa = PBXGroup;
			children = (
			);
			path = Network;
			sourceTree = "<group>";
		};
		2D2BDB44271B6E44003C47B2 /* Utils */ = {
			isa = PBXGroup;
			children = (
			);
			path = Utils;
			sourceTree = "<group>";
		};
		D44D915DBC90121BCD9B9EEC /* Frameworks */ = {
			isa = PBXGroup;
			children = (
				932DAA0E7E3D607E9DDB1E7A /* Pods_tmob_demo.framework */,
				397C675FC4D03CC2CF4E787D /* Pods_tmob_demo_tmob_demoUITests.framework */,
				3AAEC8A00D8613CF52331128 /* Pods_tmob_demoTests.framework */,
			);
			name = Frameworks;
			sourceTree = "<group>";
		};
		F229AD6019606496EEA2AE3E /* Pods */ = {
			isa = PBXGroup;
			children = (
				14A96740FA7AA8F875737D47 /* Pods-tmob-demo.debug.xcconfig */,
				E0F4B154B044274E12D0D7DD /* Pods-tmob-demo.release.xcconfig */,
				275A25C0328F08B3FEF8CA5F /* Pods-tmob-demo-tmob-demoUITests.debug.xcconfig */,
				752E11FFF7B28E0CACDD8F80 /* Pods-tmob-demo-tmob-demoUITests.release.xcconfig */,
				E065F1BA7E455700FC962312 /* Pods-tmob-demoTests.debug.xcconfig */,
				FE7BBF058622004BD001FC8C /* Pods-tmob-demoTests.release.xcconfig */,
			);
			path = Pods;
			sourceTree = "<group>";
		};
/* End PBXGroup section */

/* Begin PBXNativeTarget section */
		2D2BDAFB271B6A79003C47B2 /* tmob-demo */ = {
			isa = PBXNativeTarget;
			buildConfigurationList = 2D2BDB26271B6A7D003C47B2 /* Build configuration list for PBXNativeTarget "tmob-demo" */;
			buildPhases = (
				3F26421ACFC1E90AC822C087 /* [CP] Check Pods Manifest.lock */,
				2D2BDAF8271B6A79003C47B2 /* Sources */,
				2D2BDAF9271B6A79003C47B2 /* Frameworks */,
				2D2BDAFA271B6A79003C47B2 /* Resources */,
				18FB4B2E231E87364F4E5AF9 /* [CP] Embed Pods Frameworks */,
			);
			buildRules = (
			);
			dependencies = (
			);
			name = "tmob-demo";
			productName = "tmob-demo";
			productReference = 2D2BDAFC271B6A79003C47B2 /* tmob-demo.app */;
			productType = "com.apple.product-type.application";
		};
		2D2BDB11271B6A7C003C47B2 /* tmob-demoTests */ = {
			isa = PBXNativeTarget;
			buildConfigurationList = 2D2BDB29271B6A7D003C47B2 /* Build configuration list for PBXNativeTarget "tmob-demoTests" */;
			buildPhases = (
				6E9EDD61F3E714C37857E634 /* [CP] Check Pods Manifest.lock */,
				2D2BDB0E271B6A7C003C47B2 /* Sources */,
				2D2BDB0F271B6A7C003C47B2 /* Frameworks */,
				2D2BDB10271B6A7C003C47B2 /* Resources */,
			);
			buildRules = (
			);
			dependencies = (
				2D2BDB14271B6A7C003C47B2 /* PBXTargetDependency */,
			);
			name = "tmob-demoTests";
			productName = "tmob-demoTests";
			productReference = 2D2BDB12271B6A7C003C47B2 /* tmob-demoTests.xctest */;
			productType = "com.apple.product-type.bundle.unit-test";
		};
		2D2BDB1C271B6A7D003C47B2 /* tmob-demoUITests */ = {
			isa = PBXNativeTarget;
			buildConfigurationList = 2D2BDB2C271B6A7D003C47B2 /* Build configuration list for PBXNativeTarget "tmob-demoUITests" */;
			buildPhases = (
				8CA52B63C4864D53B4CBB2C7 /* [CP] Check Pods Manifest.lock */,
				2D2BDB19271B6A7D003C47B2 /* Sources */,
				2D2BDB1A271B6A7D003C47B2 /* Frameworks */,
				2D2BDB1B271B6A7D003C47B2 /* Resources */,
				805E1D1090EAD271E3149FCC /* [CP] Embed Pods Frameworks */,
			);
			buildRules = (
			);
			dependencies = (
				2D2BDB1F271B6A7D003C47B2 /* PBXTargetDependency */,
			);
			name = "tmob-demoUITests";
			productName = "tmob-demoUITests";
			productReference = 2D2BDB1D271B6A7D003C47B2 /* tmob-demoUITests.xctest */;
			productType = "com.apple.product-type.bundle.ui-testing";
		};
/* End PBXNativeTarget section */

/* Begin PBXProject section */
		2D2BDAF4271B6A79003C47B2 /* Project object */ = {
			isa = PBXProject;
			attributes = {
				LastSwiftUpdateCheck = 1240;
				LastUpgradeCheck = 1240;
				TargetAttributes = {
					2D2BDAFB271B6A79003C47B2 = {
						CreatedOnToolsVersion = 12.4;
					};
					2D2BDB11271B6A7C003C47B2 = {
						CreatedOnToolsVersion = 12.4;
						TestTargetID = 2D2BDAFB271B6A79003C47B2;
					};
					2D2BDB1C271B6A7D003C47B2 = {
						CreatedOnToolsVersion = 12.4;
						TestTargetID = 2D2BDAFB271B6A79003C47B2;
					};
				};
			};
			buildConfigurationList = 2D2BDAF7271B6A79003C47B2 /* Build configuration list for PBXProject "tmob-demo" */;
			compatibilityVersion = "Xcode 9.3";
			developmentRegion = en;
			hasScannedForEncodings = 0;
			knownRegions = (
				en,
				Base,
			);
			mainGroup = 2D2BDAF3271B6A79003C47B2;
			productRefGroup = 2D2BDAFD271B6A79003C47B2 /* Products */;
			projectDirPath = "";
			projectRoot = "";
			targets = (
				2D2BDAFB271B6A79003C47B2 /* tmob-demo */,
				2D2BDB11271B6A7C003C47B2 /* tmob-demoTests */,
				2D2BDB1C271B6A7D003C47B2 /* tmob-demoUITests */,
			);
		};
/* End PBXProject section */

/* Begin PBXResourcesBuildPhase section */
		2D2BDAFA271B6A79003C47B2 /* Resources */ = {
			isa = PBXResourcesBuildPhase;
			buildActionMask = 2147483647;
			files = (
				2D2BDB0C271B6A7C003C47B2 /* LaunchScreen.storyboard in Resources */,
				2D2BDB09271B6A7C003C47B2 /* Assets.xcassets in Resources */,
				2D2BDB07271B6A79003C47B2 /* Main.storyboard in Resources */,
			);
			runOnlyForDeploymentPostprocessing = 0;
		};
		2D2BDB10271B6A7C003C47B2 /* Resources */ = {
			isa = PBXResourcesBuildPhase;
			buildActionMask = 2147483647;
			files = (
			);
			runOnlyForDeploymentPostprocessing = 0;
		};
		2D2BDB1B271B6A7D003C47B2 /* Resources */ = {
			isa = PBXResourcesBuildPhase;
			buildActionMask = 2147483647;
			files = (
			);
			runOnlyForDeploymentPostprocessing = 0;
		};
/* End PBXResourcesBuildPhase section */

/* Begin PBXShellScriptBuildPhase section */
		18FB4B2E231E87364F4E5AF9 /* [CP] Embed Pods Frameworks */ = {
			isa = PBXShellScriptBuildPhase;
			buildActionMask = 2147483647;
			files = (
			);
			inputFileListPaths = (
				"${PODS_ROOT}/Target Support Files/Pods-tmob-demo/Pods-tmob-demo-frameworks-${CONFIGURATION}-input-files.xcfilelist",
			);
			name = "[CP] Embed Pods Frameworks";
			outputFileListPaths = (
				"${PODS_ROOT}/Target Support Files/Pods-tmob-demo/Pods-tmob-demo-frameworks-${CONFIGURATION}-output-files.xcfilelist",
			);
			runOnlyForDeploymentPostprocessing = 0;
			shellPath = /bin/sh;
			shellScript = "\"${PODS_ROOT}/Target Support Files/Pods-tmob-demo/Pods-tmob-demo-frameworks.sh\"\n";
			showEnvVarsInLog = 0;
		};
		3F26421ACFC1E90AC822C087 /* [CP] Check Pods Manifest.lock */ = {
			isa = PBXShellScriptBuildPhase;
			buildActionMask = 2147483647;
			files = (
			);
			inputFileListPaths = (
			);
			inputPaths = (
				"${PODS_PODFILE_DIR_PATH}/Podfile.lock",
				"${PODS_ROOT}/Manifest.lock",
			);
			name = "[CP] Check Pods Manifest.lock";
			outputFileListPaths = (
			);
			outputPaths = (
				"$(DERIVED_FILE_DIR)/Pods-tmob-demo-checkManifestLockResult.txt",
			);
			runOnlyForDeploymentPostprocessing = 0;
			shellPath = /bin/sh;
			shellScript = "diff \"${PODS_PODFILE_DIR_PATH}/Podfile.lock\" \"${PODS_ROOT}/Manifest.lock\" > /dev/null\nif [ $? != 0 ] ; then\n    # print error to STDERR\n    echo \"error: The sandbox is not in sync with the Podfile.lock. Run 'pod install' or update your CocoaPods installation.\" >&2\n    exit 1\nfi\n# This output is used by Xcode 'outputs' to avoid re-running this script phase.\necho \"SUCCESS\" > \"${SCRIPT_OUTPUT_FILE_0}\"\n";
			showEnvVarsInLog = 0;
		};
		6E9EDD61F3E714C37857E634 /* [CP] Check Pods Manifest.lock */ = {
			isa = PBXShellScriptBuildPhase;
			buildActionMask = 2147483647;
			files = (
			);
			inputFileListPaths = (
			);
			inputPaths = (
				"${PODS_PODFILE_DIR_PATH}/Podfile.lock",
				"${PODS_ROOT}/Manifest.lock",
			);
			name = "[CP] Check Pods Manifest.lock";
			outputFileListPaths = (
			);
			outputPaths = (
				"$(DERIVED_FILE_DIR)/Pods-tmob-demoTests-checkManifestLockResult.txt",
			);
			runOnlyForDeploymentPostprocessing = 0;
			shellPath = /bin/sh;
			shellScript = "diff \"${PODS_PODFILE_DIR_PATH}/Podfile.lock\" \"${PODS_ROOT}/Manifest.lock\" > /dev/null\nif [ $? != 0 ] ; then\n    # print error to STDERR\n    echo \"error: The sandbox is not in sync with the Podfile.lock. Run 'pod install' or update your CocoaPods installation.\" >&2\n    exit 1\nfi\n# This output is used by Xcode 'outputs' to avoid re-running this script phase.\necho \"SUCCESS\" > \"${SCRIPT_OUTPUT_FILE_0}\"\n";
			showEnvVarsInLog = 0;
		};
		805E1D1090EAD271E3149FCC /* [CP] Embed Pods Frameworks */ = {
			isa = PBXShellScriptBuildPhase;
			buildActionMask = 2147483647;
			files = (
			);
			inputFileListPaths = (
				"${PODS_ROOT}/Target Support Files/Pods-tmob-demo-tmob-demoUITests/Pods-tmob-demo-tmob-demoUITests-frameworks-${CONFIGURATION}-input-files.xcfilelist",
			);
			name = "[CP] Embed Pods Frameworks";
			outputFileListPaths = (
				"${PODS_ROOT}/Target Support Files/Pods-tmob-demo-tmob-demoUITests/Pods-tmob-demo-tmob-demoUITests-frameworks-${CONFIGURATION}-output-files.xcfilelist",
			);
			runOnlyForDeploymentPostprocessing = 0;
			shellPath = /bin/sh;
			shellScript = "\"${PODS_ROOT}/Target Support Files/Pods-tmob-demo-tmob-demoUITests/Pods-tmob-demo-tmob-demoUITests-frameworks.sh\"\n";
			showEnvVarsInLog = 0;
		};
		8CA52B63C4864D53B4CBB2C7 /* [CP] Check Pods Manifest.lock */ = {
			isa = PBXShellScriptBuildPhase;
			buildActionMask = 2147483647;
			files = (
			);
			inputFileListPaths = (
			);
			inputPaths = (
				"${PODS_PODFILE_DIR_PATH}/Podfile.lock",
				"${PODS_ROOT}/Manifest.lock",
			);
			name = "[CP] Check Pods Manifest.lock";
			outputFileListPaths = (
			);
			outputPaths = (
				"$(DERIVED_FILE_DIR)/Pods-tmob-demo-tmob-demoUITests-checkManifestLockResult.txt",
			);
			runOnlyForDeploymentPostprocessing = 0;
			shellPath = /bin/sh;
			shellScript = "diff \"${PODS_PODFILE_DIR_PATH}/Podfile.lock\" \"${PODS_ROOT}/Manifest.lock\" > /dev/null\nif [ $? != 0 ] ; then\n    # print error to STDERR\n    echo \"error: The sandbox is not in sync with the Podfile.lock. Run 'pod install' or update your CocoaPods installation.\" >&2\n    exit 1\nfi\n# This output is used by Xcode 'outputs' to avoid re-running this script phase.\necho \"SUCCESS\" > \"${SCRIPT_OUTPUT_FILE_0}\"\n";
			showEnvVarsInLog = 0;
		};
/* End PBXShellScriptBuildPhase section */

/* Begin PBXSourcesBuildPhase section */
		2D2BDAF8271B6A79003C47B2 /* Sources */ = {
			isa = PBXSourcesBuildPhase;
			buildActionMask = 2147483647;
			files = (
				2D2BDB04271B6A79003C47B2 /* UsersViewController.swift in Sources */,
				2D2BDB00271B6A79003C47B2 /* AppDelegate.swift in Sources */,
				2D2BDB02271B6A79003C47B2 /* SceneDelegate.swift in Sources */,
			);
			runOnlyForDeploymentPostprocessing = 0;
		};
		2D2BDB0E271B6A7C003C47B2 /* Sources */ = {
			isa = PBXSourcesBuildPhase;
			buildActionMask = 2147483647;
			files = (
				2D2BDB17271B6A7D003C47B2 /* tmob_demoTests.swift in Sources */,
			);
			runOnlyForDeploymentPostprocessing = 0;
		};
		2D2BDB19271B6A7D003C47B2 /* Sources */ = {
			isa = PBXSourcesBuildPhase;
			buildActionMask = 2147483647;
			files = (
				2D2BDB22271B6A7D003C47B2 /* tmob_demoUITests.swift in Sources */,
			);
			runOnlyForDeploymentPostprocessing = 0;
		};
/* End PBXSourcesBuildPhase section */

/* Begin PBXTargetDependency section */
		2D2BDB14271B6A7C003C47B2 /* PBXTargetDependency */ = {
			isa = PBXTargetDependency;
			target = 2D2BDAFB271B6A79003C47B2 /* tmob-demo */;
			targetProxy = 2D2BDB13271B6A7C003C47B2 /* PBXContainerItemProxy */;
		};
		2D2BDB1F271B6A7D003C47B2 /* PBXTargetDependency */ = {
			isa = PBXTargetDependency;
			target = 2D2BDAFB271B6A79003C47B2 /* tmob-demo */;
			targetProxy = 2D2BDB1E271B6A7D003C47B2 /* PBXContainerItemProxy */;
		};
/* End PBXTargetDependency section */

/* Begin PBXVariantGroup section */
		2D2BDB05271B6A79003C47B2 /* Main.storyboard */ = {
			isa = PBXVariantGroup;
			children = (
				2D2BDB06271B6A79003C47B2 /* Base */,
			);
			name = Main.storyboard;
			sourceTree = "<group>";
		};
		2D2BDB0A271B6A7C003C47B2 /* LaunchScreen.storyboard */ = {
			isa = PBXVariantGroup;
			children = (
				2D2BDB0B271B6A7C003C47B2 /* Base */,
			);
			name = LaunchScreen.storyboard;
			sourceTree = "<group>";
		};
/* End PBXVariantGroup section */

/* Begin XCBuildConfiguration section */
		2D2BDB24271B6A7D003C47B2 /* Debug */ = {
			isa = XCBuildConfiguration;
			buildSettings = {
				ALWAYS_SEARCH_USER_PATHS = NO;
				CLANG_ANALYZER_NONNULL = YES;
				CLANG_ANALYZER_NUMBER_OBJECT_CONVERSION = YES_AGGRESSIVE;
				CLANG_CXX_LANGUAGE_STANDARD = "gnu++14";
				CLANG_CXX_LIBRARY = "libc++";
				CLANG_ENABLE_MODULES = YES;
				CLANG_ENABLE_OBJC_ARC = YES;
				CLANG_ENABLE_OBJC_WEAK = YES;
				CLANG_WARN_BLOCK_CAPTURE_AUTORELEASING = YES;
				CLANG_WARN_BOOL_CONVERSION = YES;
				CLANG_WARN_COMMA = YES;
				CLANG_WARN_CONSTANT_CONVERSION = YES;
				CLANG_WARN_DEPRECATED_OBJC_IMPLEMENTATIONS = YES;
				CLANG_WARN_DIRECT_OBJC_ISA_USAGE = YES_ERROR;
				CLANG_WARN_DOCUMENTATION_COMMENTS = YES;
				CLANG_WARN_EMPTY_BODY = YES;
				CLANG_WARN_ENUM_CONVERSION = YES;
				CLANG_WARN_INFINITE_RECURSION = YES;
				CLANG_WARN_INT_CONVERSION = YES;
				CLANG_WARN_NON_LITERAL_NULL_CONVERSION = YES;
				CLANG_WARN_OBJC_IMPLICIT_RETAIN_SELF = YES;
				CLANG_WARN_OBJC_LITERAL_CONVERSION = YES;
				CLANG_WARN_OBJC_ROOT_CLASS = YES_ERROR;
				CLANG_WARN_QUOTED_INCLUDE_IN_FRAMEWORK_HEADER = YES;
				CLANG_WARN_RANGE_LOOP_ANALYSIS = YES;
				CLANG_WARN_STRICT_PROTOTYPES = YES;
				CLANG_WARN_SUSPICIOUS_MOVE = YES;
				CLANG_WARN_UNGUARDED_AVAILABILITY = YES_AGGRESSIVE;
				CLANG_WARN_UNREACHABLE_CODE = YES;
				CLANG_WARN__DUPLICATE_METHOD_MATCH = YES;
				COPY_PHASE_STRIP = NO;
				DEBUG_INFORMATION_FORMAT = dwarf;
				ENABLE_STRICT_OBJC_MSGSEND = YES;
				ENABLE_TESTABILITY = YES;
				GCC_C_LANGUAGE_STANDARD = gnu11;
				GCC_DYNAMIC_NO_PIC = NO;
				GCC_NO_COMMON_BLOCKS = YES;
				GCC_OPTIMIZATION_LEVEL = 0;
				GCC_PREPROCESSOR_DEFINITIONS = (
					"DEBUG=1",
					"$(inherited)",
				);
				GCC_WARN_64_TO_32_BIT_CONVERSION = YES;
				GCC_WARN_ABOUT_RETURN_TYPE = YES_ERROR;
				GCC_WARN_UNDECLARED_SELECTOR = YES;
				GCC_WARN_UNINITIALIZED_AUTOS = YES_AGGRESSIVE;
				GCC_WARN_UNUSED_FUNCTION = YES;
				GCC_WARN_UNUSED_VARIABLE = YES;
				IPHONEOS_DEPLOYMENT_TARGET = 13.0;
				MTL_ENABLE_DEBUG_INFO = INCLUDE_SOURCE;
				MTL_FAST_MATH = YES;
				ONLY_ACTIVE_ARCH = YES;
				SDKROOT = iphoneos;
				SWIFT_ACTIVE_COMPILATION_CONDITIONS = DEBUG;
				SWIFT_OPTIMIZATION_LEVEL = "-Onone";
			};
			name = Debug;
		};
		2D2BDB25271B6A7D003C47B2 /* Release */ = {
			isa = XCBuildConfiguration;
			buildSettings = {
				ALWAYS_SEARCH_USER_PATHS = NO;
				CLANG_ANALYZER_NONNULL = YES;
				CLANG_ANALYZER_NUMBER_OBJECT_CONVERSION = YES_AGGRESSIVE;
				CLANG_CXX_LANGUAGE_STANDARD = "gnu++14";
				CLANG_CXX_LIBRARY = "libc++";
				CLANG_ENABLE_MODULES = YES;
				CLANG_ENABLE_OBJC_ARC = YES;
				CLANG_ENABLE_OBJC_WEAK = YES;
				CLANG_WARN_BLOCK_CAPTURE_AUTORELEASING = YES;
				CLANG_WARN_BOOL_CONVERSION = YES;
				CLANG_WARN_COMMA = YES;
				CLANG_WARN_CONSTANT_CONVERSION = YES;
				CLANG_WARN_DEPRECATED_OBJC_IMPLEMENTATIONS = YES;
				CLANG_WARN_DIRECT_OBJC_ISA_USAGE = YES_ERROR;
				CLANG_WARN_DOCUMENTATION_COMMENTS = YES;
				CLANG_WARN_EMPTY_BODY = YES;
				CLANG_WARN_ENUM_CONVERSION = YES;
				CLANG_WARN_INFINITE_RECURSION = YES;
				CLANG_WARN_INT_CONVERSION = YES;
				CLANG_WARN_NON_LITERAL_NULL_CONVERSION = YES;
				CLANG_WARN_OBJC_IMPLICIT_RETAIN_SELF = YES;
				CLANG_WARN_OBJC_LITERAL_CONVERSION = YES;
				CLANG_WARN_OBJC_ROOT_CLASS = YES_ERROR;
				CLANG_WARN_QUOTED_INCLUDE_IN_FRAMEWORK_HEADER = YES;
				CLANG_WARN_RANGE_LOOP_ANALYSIS = YES;
				CLANG_WARN_STRICT_PROTOTYPES = YES;
				CLANG_WARN_SUSPICIOUS_MOVE = YES;
				CLANG_WARN_UNGUARDED_AVAILABILITY = YES_AGGRESSIVE;
				CLANG_WARN_UNREACHABLE_CODE = YES;
				CLANG_WARN__DUPLICATE_METHOD_MATCH = YES;
				COPY_PHASE_STRIP = NO;
				DEBUG_INFORMATION_FORMAT = "dwarf-with-dsym";
				ENABLE_NS_ASSERTIONS = NO;
				ENABLE_STRICT_OBJC_MSGSEND = YES;
				GCC_C_LANGUAGE_STANDARD = gnu11;
				GCC_NO_COMMON_BLOCKS = YES;
				GCC_WARN_64_TO_32_BIT_CONVERSION = YES;
				GCC_WARN_ABOUT_RETURN_TYPE = YES_ERROR;
				GCC_WARN_UNDECLARED_SELECTOR = YES;
				GCC_WARN_UNINITIALIZED_AUTOS = YES_AGGRESSIVE;
				GCC_WARN_UNUSED_FUNCTION = YES;
				GCC_WARN_UNUSED_VARIABLE = YES;
				IPHONEOS_DEPLOYMENT_TARGET = 13.0;
				MTL_ENABLE_DEBUG_INFO = NO;
				MTL_FAST_MATH = YES;
				SDKROOT = iphoneos;
				SWIFT_COMPILATION_MODE = wholemodule;
				SWIFT_OPTIMIZATION_LEVEL = "-O";
				VALIDATE_PRODUCT = YES;
			};
			name = Release;
		};
		2D2BDB27271B6A7D003C47B2 /* Debug */ = {
			isa = XCBuildConfiguration;
			baseConfigurationReference = 14A96740FA7AA8F875737D47 /* Pods-tmob-demo.debug.xcconfig */;
			buildSettings = {
				ASSETCATALOG_COMPILER_APPICON_NAME = AppIcon;
				ASSETCATALOG_COMPILER_GLOBAL_ACCENT_COLOR_NAME = AccentColor;
				CODE_SIGN_STYLE = Automatic;
				DEVELOPMENT_TEAM = 77746PU28W;
				INFOPLIST_FILE = "tmob-demo/Info.plist";
				LD_RUNPATH_SEARCH_PATHS = (
					"$(inherited)",
					"@executable_path/Frameworks",
				);
				PRODUCT_BUNDLE_IDENTIFIER = "emir.tmob-demo";
				PRODUCT_NAME = "$(TARGET_NAME)";
				SWIFT_VERSION = 5.0;
				TARGETED_DEVICE_FAMILY = "1,2";
			};
			name = Debug;
		};
		2D2BDB28271B6A7D003C47B2 /* Release */ = {
			isa = XCBuildConfiguration;
			baseConfigurationReference = E0F4B154B044274E12D0D7DD /* Pods-tmob-demo.release.xcconfig */;
			buildSettings = {
				ASSETCATALOG_COMPILER_APPICON_NAME = AppIcon;
				ASSETCATALOG_COMPILER_GLOBAL_ACCENT_COLOR_NAME = AccentColor;
				CODE_SIGN_STYLE = Automatic;
				DEVELOPMENT_TEAM = 77746PU28W;
				INFOPLIST_FILE = "tmob-demo/Info.plist";
				LD_RUNPATH_SEARCH_PATHS = (
					"$(inherited)",
					"@executable_path/Frameworks",
				);
				PRODUCT_BUNDLE_IDENTIFIER = "emir.tmob-demo";
				PRODUCT_NAME = "$(TARGET_NAME)";
				SWIFT_VERSION = 5.0;
				TARGETED_DEVICE_FAMILY = "1,2";
			};
			name = Release;
		};
		2D2BDB2A271B6A7D003C47B2 /* Debug */ = {
			isa = XCBuildConfiguration;
			baseConfigurationReference = E065F1BA7E455700FC962312 /* Pods-tmob-demoTests.debug.xcconfig */;
			buildSettings = {
				ALWAYS_EMBED_SWIFT_STANDARD_LIBRARIES = YES;
				BUNDLE_LOADER = "$(TEST_HOST)";
				CODE_SIGN_STYLE = Automatic;
				DEVELOPMENT_TEAM = 77746PU28W;
				INFOPLIST_FILE = "tmob-demoTests/Info.plist";
				IPHONEOS_DEPLOYMENT_TARGET = 14.4;
				LD_RUNPATH_SEARCH_PATHS = (
					"$(inherited)",
					"@executable_path/Frameworks",
					"@loader_path/Frameworks",
				);
				PRODUCT_BUNDLE_IDENTIFIER = "emir.tmob-demoTests";
				PRODUCT_NAME = "$(TARGET_NAME)";
				SWIFT_VERSION = 5.0;
				TARGETED_DEVICE_FAMILY = "1,2";
				TEST_HOST = "$(BUILT_PRODUCTS_DIR)/tmob-demo.app/tmob-demo";
			};
			name = Debug;
		};
		2D2BDB2B271B6A7D003C47B2 /* Release */ = {
			isa = XCBuildConfiguration;
			baseConfigurationReference = FE7BBF058622004BD001FC8C /* Pods-tmob-demoTests.release.xcconfig */;
			buildSettings = {
				ALWAYS_EMBED_SWIFT_STANDARD_LIBRARIES = YES;
				BUNDLE_LOADER = "$(TEST_HOST)";
				CODE_SIGN_STYLE = Automatic;
				DEVELOPMENT_TEAM = 77746PU28W;
				INFOPLIST_FILE = "tmob-demoTests/Info.plist";
				IPHONEOS_DEPLOYMENT_TARGET = 14.4;
				LD_RUNPATH_SEARCH_PATHS = (
					"$(inherited)",
					"@executable_path/Frameworks",
					"@loader_path/Frameworks",
				);
				PRODUCT_BUNDLE_IDENTIFIER = "emir.tmob-demoTests";
				PRODUCT_NAME = "$(TARGET_NAME)";
				SWIFT_VERSION = 5.0;
				TARGETED_DEVICE_FAMILY = "1,2";
				TEST_HOST = "$(BUILT_PRODUCTS_DIR)/tmob-demo.app/tmob-demo";
			};
			name = Release;
		};
		2D2BDB2D271B6A7D003C47B2 /* Debug */ = {
			isa = XCBuildConfiguration;
			baseConfigurationReference = 275A25C0328F08B3FEF8CA5F /* Pods-tmob-demo-tmob-demoUITests.debug.xcconfig */;
			buildSettings = {
				ALWAYS_EMBED_SWIFT_STANDARD_LIBRARIES = YES;
				CODE_SIGN_STYLE = Automatic;
				DEVELOPMENT_TEAM = 77746PU28W;
				INFOPLIST_FILE = "tmob-demoUITests/Info.plist";
				LD_RUNPATH_SEARCH_PATHS = (
					"$(inherited)",
					"@executable_path/Frameworks",
					"@loader_path/Frameworks",
				);
				PRODUCT_BUNDLE_IDENTIFIER = "emir.tmob-demoUITests";
				PRODUCT_NAME = "$(TARGET_NAME)";
				SWIFT_VERSION = 5.0;
				TARGETED_DEVICE_FAMILY = "1,2";
				TEST_TARGET_NAME = "tmob-demo";
			};
			name = Debug;
		};
		2D2BDB2E271B6A7D003C47B2 /* Release */ = {
			isa = XCBuildConfiguration;
			baseConfigurationReference = 752E11FFF7B28E0CACDD8F80 /* Pods-tmob-demo-tmob-demoUITests.release.xcconfig */;
			buildSettings = {
				ALWAYS_EMBED_SWIFT_STANDARD_LIBRARIES = YES;
				CODE_SIGN_STYLE = Automatic;
				DEVELOPMENT_TEAM = 77746PU28W;
				INFOPLIST_FILE = "tmob-demoUITests/Info.plist";
				LD_RUNPATH_SEARCH_PATHS = (
					"$(inherited)",
					"@executable_path/Frameworks",
					"@loader_path/Frameworks",
				);
				PRODUCT_BUNDLE_IDENTIFIER = "emir.tmob-demoUITests";
				PRODUCT_NAME = "$(TARGET_NAME)";
				SWIFT_VERSION = 5.0;
				TARGETED_DEVICE_FAMILY = "1,2";
				TEST_TARGET_NAME = "tmob-demo";
			};
			name = Release;
		};
/* End XCBuildConfiguration section */

/* Begin XCConfigurationList section */
		2D2BDAF7271B6A79003C47B2 /* Build configuration list for PBXProject "tmob-demo" */ = {
			isa = XCConfigurationList;
			buildConfigurations = (
				2D2BDB24271B6A7D003C47B2 /* Debug */,
				2D2BDB25271B6A7D003C47B2 /* Release */,
			);
			defaultConfigurationIsVisible = 0;
			defaultConfigurationName = Release;
		};
		2D2BDB26271B6A7D003C47B2 /* Build configuration list for PBXNativeTarget "tmob-demo" */ = {
			isa = XCConfigurationList;
			buildConfigurations = (
				2D2BDB27271B6A7D003C47B2 /* Debug */,
				2D2BDB28271B6A7D003C47B2 /* Release */,
			);
			defaultConfigurationIsVisible = 0;
			defaultConfigurationName = Release;
		};
		2D2BDB29271B6A7D003C47B2 /* Build configuration list for PBXNativeTarget "tmob-demoTests" */ = {
			isa = XCConfigurationList;
			buildConfigurations = (
				2D2BDB2A271B6A7D003C47B2 /* Debug */,
				2D2BDB2B271B6A7D003C47B2 /* Release */,
			);
			defaultConfigurationIsVisible = 0;
			defaultConfigurationName = Release;
		};
		2D2BDB2C271B6A7D003C47B2 /* Build configuration list for PBXNativeTarget "tmob-demoUITests" */ = {
			isa = XCConfigurationList;
			buildConfigurations = (
				2D2BDB2D271B6A7D003C47B2 /* Debug */,
				2D2BDB2E271B6A7D003C47B2 /* Release */,
			);
			defaultConfigurationIsVisible = 0;
			defaultConfigurationName = Release;
		};
/* End XCConfigurationList section */
	};
	rootObject = 2D2BDAF4271B6A79003C47B2 /* Project object */;
}
